
Microsoft Visual Studio Solution File, Format Version 12.00
# Visual Studio Version 16
VisualStudioVersion = 16.0.32126.315
MinimumVisualStudioVersion = 10.0.40219.1
Project("{FAE04EC0-301F-11D3-BF4B-00C04F79EFBC}") = "ProvisionPhonebook", "ProvisionPhonebook\ProvisionPhonebook.csproj", "{D28DEC1E-DB0D-46DC-876E-5F3E9DF22352}"
EndProject
Global
	GlobalSection(SolutionConfigurationPlatforms) = preSolution
		Debug|Any CPU = Debug|Any CPU
		Release|Any CPU = Release|Any CPU
	EndGlobalSection
	GlobalSection(ProjectConfigurationPlatforms) = postSolution
		{D28DEC1E-DB0D-46DC-876E-5F3E9DF22352}.Debug|Any CPU.ActiveCfg = Debug|Any CPU
		{D28DEC1E-DB0D-46DC-876E-5F3E9DF22352}.Debug|Any CPU.Build.0 = Debug|Any CPU
		{D28DEC1E-DB0D-46DC-876E-5F3E9DF22352}.Release|Any CPU.ActiveCfg = Release|Any CPU
		{D28DEC1E-DB0D-46DC-876E-5F3E9DF22352}.Release|Any CPU.Build.0 = Release|Any CPU
	EndGlobalSection
	GlobalSection(SolutionProperties) = preSolution
		HideSolutionNode = FALSE
	EndGlobalSection
	GlobalSection(ExtensibilityGlobals) = postSolution
		SolutionGuid = {71A921FC-A63D-4F80-83F7-51F28330EB78}
	EndGlobalSection
EndGlobal
